
Microsoft Visual Studio Solution File, Format Version 12.00
# Visual Studio Version 16
VisualStudioVersion = 16.0.29509.3
MinimumVisualStudioVersion = 10.0.40219.1
Project("{8BC9CEB8-8B4A-11D0-8D11-00A0C91BC942}") = "Kruskal( Using Union Find)", "Kruskal( Using Union Find).vcxproj", "{C3CD44FA-1B63-4AEA-BD1C-F9AE6E23E0C4}"
EndProject
Global
	GlobalSection(SolutionConfigurationPlatforms) = preSolution
		Debug|x64 = Debug|x64
		Debug|x86 = Debug|x86
		Release|x64 = Release|x64
		Release|x86 = Release|x86
	EndGlobalSection
	GlobalSection(ProjectConfigurationPlatforms) = postSolution
		{C3CD44FA-1B63-4AEA-BD1C-F9AE6E23E0C4}.Debug|x64.ActiveCfg = Debug|x64
		{C3CD44FA-1B63-4AEA-BD1C-F9AE6E23E0C4}.Debug|x64.Build.0 = Debug|x64
		{C3CD44FA-1B63-4AEA-BD1C-F9AE6E23E0C4}.Debug|x86.ActiveCfg = Debug|Win32
		{C3CD44FA-1B63-4AEA-BD1C-F9AE6E23E0C4}.Debug|x86.Build.0 = Debug|Win32
		{C3CD44FA-1B63-4AEA-BD1C-F9AE6E23E0C4}.Release|x64.ActiveCfg = Release|x64
		{C3CD44FA-1B63-4AEA-BD1C-F9AE6E23E0C4}.Release|x64.Build.0 = Release|x64
		{C3CD44FA-1B63-4AEA-BD1C-F9AE6E23E0C4}.Release|x86.ActiveCfg = Release|Win32
		{C3CD44FA-1B63-4AEA-BD1C-F9AE6E23E0C4}.Release|x86.Build.0 = Release|Win32
	EndGlobalSection
	GlobalSection(SolutionProperties) = preSolution
		HideSolutionNode = FALSE
	EndGlobalSection
	GlobalSection(ExtensibilityGlobals) = postSolution
		SolutionGuid = {04D8071A-74EB-47A3-B9EB-1609552B0D1F}
	EndGlobalSection
EndGlobal
